{
  "version": 4,
  "terraform_version": "0.13.5",
  "serial": 10,
  "lineage": "bdcd3147-3bea-98bb-161f-ade64685e0ca",
  "outputs": {
    "instance_public_ip": {
      "value": "13.232.183.102",
      "type": "string"
    },
    "vpc_id": {
      "value": "vpc-0a8867c08bef6c3d9",
      "type": "string"
    }
  },
  "resources": [
    {
      "mode": "managed",
      "type": "aws_instance",
      "name": "javaserver",
      "provider": "provider[\"registry.terraform.io/hashicorp/aws\"]",
      "instances": [
        {
          "schema_version": 1,
          "attributes": {
            "ami": "ami-0cda377a1b884a1bc",
            "arn": "arn:aws:ec2:ap-south-1:348144482673:instance/i-0e3899b1c7140cec8",
            "associate_public_ip_address": true,
            "availability_zone": "ap-south-1a",
            "cpu_core_count": 1,
            "cpu_threads_per_core": 1,
            "credit_specification": [
              {
                "cpu_credits": "standard"
              }
            ],
            "disable_api_termination": false,
            "ebs_block_device": [],
            "ebs_optimized": false,
            "ephemeral_block_device": [],
            "get_password_data": false,
            "hibernation": false,
            "host_id": null,
            "iam_instance_profile": "",
            "id": "i-0e3899b1c7140cec8",
            "instance_initiated_shutdown_behavior": null,
            "instance_state": "running",
            "instance_type": "t2.micro",
            "ipv6_address_count": 0,
            "ipv6_addresses": [],
            "key_name": "javaserver_key",
            "metadata_options": [
              {
                "http_endpoint": "enabled",
                "http_put_response_hop_limit": 1,
                "http_tokens": "optional"
              }
            ],
            "monitoring": false,
            "network_interface": [],
            "outpost_arn": "",
            "password_data": "",
            "placement_group": "",
            "primary_network_interface_id": "eni-04c4b65f41ba58489",
            "private_dns": "ip-10-0-1-142.ap-south-1.compute.internal",
            "private_ip": "10.0.1.142",
            "public_dns": "",
            "public_ip": "13.232.183.102",
            "root_block_device": [
              {
                "delete_on_termination": true,
                "device_name": "/dev/sda1",
                "encrypted": false,
                "iops": 100,
                "kms_key_id": "",
                "volume_id": "vol-0d6538a8aba2ae4c0",
                "volume_size": 8,
                "volume_type": "gp2"
              }
            ],
            "secondary_private_ips": [],
            "security_groups": [],
            "source_dest_check": true,
            "subnet_id": "subnet-076fa0456218ccabc",
            "tags": {
              "Name": "javaserver"
            },
            "tenancy": "default",
            "timeouts": null,
            "user_data": null,
            "user_data_base64": null,
            "volume_tags": {},
            "vpc_security_group_ids": [
              "sg-06b80459001145040"
            ]
          },
          "private": "eyJlMmJmYjczMC1lY2FhLTExZTYtOGY4OC0zNDM2M2JjN2M0YzAiOnsiY3JlYXRlIjo2MDAwMDAwMDAwMDAsImRlbGV0ZSI6MTIwMDAwMDAwMDAwMCwidXBkYXRlIjo2MDAwMDAwMDAwMDB9LCJzY2hlbWFfdmVyc2lvbiI6IjEifQ==",
          "dependencies": [
            "aws_key_pair.javaserver_key_pair",
            "aws_security_group.javaserver_sg",
            "aws_subnet.javaserver_public_subnet",
            "aws_vpc.javaserver_vpc"
          ]
        }
      ]
    },
    {
      "mode": "managed",
      "type": "aws_internet_gateway",
      "name": "javaserver_inet_gateway",
      "provider": "provider[\"registry.terraform.io/hashicorp/aws\"]",
      "instances": [
        {
          "schema_version": 0,
          "attributes": {
            "arn": "arn:aws:ec2:ap-south-1:348144482673:internet-gateway/igw-073b82d99048a8ec6",
            "id": "igw-073b82d99048a8ec6",
            "owner_id": "348144482673",
            "tags": {
              "Name": "javaserver_inet_gateway"
            },
            "vpc_id": "vpc-0a8867c08bef6c3d9"
          },
          "private": "bnVsbA==",
          "dependencies": [
            "aws_vpc.javaserver_vpc"
          ]
        }
      ]
    },
    {
      "mode": "managed",
      "type": "aws_key_pair",
      "name": "javaserver_key_pair",
      "provider": "provider[\"registry.terraform.io/hashicorp/aws\"]",
      "instances": [
        {
          "schema_version": 1,
          "attributes": {
            "arn": "arn:aws:ec2:ap-south-1:348144482673:key-pair/javaserver_key",
            "fingerprint": "0e:21:8a:44:04:d4:76:37:65:f0:de:25:71:08:9c:a3",
            "id": "javaserver_key",
            "key_name": "javaserver_key",
            "key_name_prefix": null,
            "key_pair_id": "key-0f2ab6934d4ad7fbd",
            "public_key": "ssh-rsa AAAAB3NzaC1yc2EAAAADAQABAAABgQDH8zv+HhZCHvmJ52u5eMNdh2Od8GDUJorWNHdumFQgnhR8cnkO0B4EU9jzXktFbB1BMMFzETZxAZ4VVj7634mvuXQG+dJZU4JUP83uhj7M8p2rK6mq647KHhdyWC+Qvw3zy9hAYbE93+e4uLaSyiNBqq0osSWELfvvpq/eCsBCvQMHrVNrSxzDzCh1QqIsAkUzzqGZ1nMq5gomF40y7VHV8d4Ej2WM5PhYV4RJAKBMtfXySFpKUlkHQ6O68GMLlJ86Ing961IiLxpUf3pgp9S7j9+9jWuYHJKIUR3T17Fh3I0D5TLViSva3PSir0VuXxT//+OKV2AWwDutbljJtUyiLmZsdSKv4fs1iErsZTonqBl8nnrr1880RkBXEJg6j6q/85FUks4cam02qxjLWILmdIJ+7SLOlxWu24J+BX6yA/imM3brkBC/9JX1wzqATEZFuFwy5UmngGZs1IPdWHX/hv+Psh+6ofl02RAIwCeRttyEvxeLpQpnLOmQjodztyc= saif@DESKTOP-SaiFi",
            "tags": null
          },
          "private": "eyJzY2hlbWFfdmVyc2lvbiI6IjEifQ=="
        }
      ]
    },
    {
      "mode": "managed",
      "type": "aws_route_table",
      "name": "javaserver_inet_gateway_routetable",
      "provider": "provider[\"registry.terraform.io/hashicorp/aws\"]",
      "instances": [
        {
          "schema_version": 0,
          "attributes": {
            "id": "rtb-019622727863ef4d1",
            "owner_id": "348144482673",
            "propagating_vgws": [],
            "route": [
              {
                "cidr_block": "0.0.0.0/0",
                "egress_only_gateway_id": "",
                "gateway_id": "igw-073b82d99048a8ec6",
                "instance_id": "",
                "ipv6_cidr_block": "",
                "local_gateway_id": "",
                "nat_gateway_id": "",
                "network_interface_id": "",
                "transit_gateway_id": "",
                "vpc_peering_connection_id": ""
              }
            ],
            "tags": {
              "Name": "javaserver_inet_gateway_routetable"
            },
            "vpc_id": "vpc-0a8867c08bef6c3d9"
          },
          "private": "bnVsbA==",
          "dependencies": [
            "aws_internet_gateway.javaserver_inet_gateway",
            "aws_vpc.javaserver_vpc"
          ]
        }
      ]
    },
    {
      "mode": "managed",
      "type": "aws_route_table_association",
      "name": "javaserver_inet_gateway_routetable_association",
      "provider": "provider[\"registry.terraform.io/hashicorp/aws\"]",
      "instances": [
        {
          "schema_version": 0,
          "attributes": {
            "gateway_id": null,
            "id": "rtbassoc-0077032b3d0f36bcc",
            "route_table_id": "rtb-019622727863ef4d1",
            "subnet_id": "subnet-076fa0456218ccabc"
          },
          "private": "bnVsbA==",
          "dependencies": [
            "aws_internet_gateway.javaserver_inet_gateway",
            "aws_route_table.javaserver_inet_gateway_routetable",
            "aws_subnet.javaserver_public_subnet",
            "aws_vpc.javaserver_vpc"
          ]
        }
      ]
    },
    {
      "mode": "managed",
      "type": "aws_security_group",
      "name": "javaserver_sg",
      "provider": "provider[\"registry.terraform.io/hashicorp/aws\"]",
      "instances": [
        {
          "schema_version": 1,
          "attributes": {
            "arn": "arn:aws:ec2:ap-south-1:348144482673:security-group/sg-06b80459001145040",
            "description": "Managed by Terraform",
            "egress": [
              {
                "cidr_blocks": [
                  "0.0.0.0/0"
                ],
                "description": "",
                "from_port": 0,
                "ipv6_cidr_blocks": [],
                "prefix_list_ids": [],
                "protocol": "-1",
                "security_groups": [],
                "self": false,
                "to_port": 0
              }
            ],
            "id": "sg-06b80459001145040",
            "ingress": [
              {
                "cidr_blocks": [
                  "0.0.0.0/0"
                ],
                "description": "TLS from VPC",
                "from_port": 22,
                "ipv6_cidr_blocks": [],
                "prefix_list_ids": [],
                "protocol": "tcp",
                "security_groups": [],
                "self": false,
                "to_port": 22
              }
            ],
            "name": "terraform-20201113103319293200000001",
            "name_prefix": "",
            "owner_id": "348144482673",
            "revoke_rules_on_delete": false,
            "tags": {
              "Name": "javaserver_sg"
            },
            "timeouts": null,
            "vpc_id": "vpc-0a8867c08bef6c3d9"
          },
          "private": "eyJlMmJmYjczMC1lY2FhLTExZTYtOGY4OC0zNDM2M2JjN2M0YzAiOnsiY3JlYXRlIjo2MDAwMDAwMDAwMDAsImRlbGV0ZSI6NjAwMDAwMDAwMDAwfSwic2NoZW1hX3ZlcnNpb24iOiIxIn0=",
          "dependencies": [
            "aws_vpc.javaserver_vpc"
          ]
        }
      ]
    },
    {
      "mode": "managed",
      "type": "aws_subnet",
      "name": "javaserver_private_subnet",
      "provider": "provider[\"registry.terraform.io/hashicorp/aws\"]",
      "instances": [
        {
          "schema_version": 1,
          "attributes": {
            "arn": "arn:aws:ec2:ap-south-1:348144482673:subnet/subnet-01927476797fb6ab4",
            "assign_ipv6_address_on_creation": false,
            "availability_zone": "ap-south-1c",
            "availability_zone_id": "aps1-az2",
            "cidr_block": "10.0.2.0/24",
            "id": "subnet-01927476797fb6ab4",
            "ipv6_cidr_block": "",
            "ipv6_cidr_block_association_id": "",
            "map_public_ip_on_launch": false,
            "outpost_arn": "",
            "owner_id": "348144482673",
            "tags": {
              "Name": "javaserver_private_subnet"
            },
            "timeouts": null,
            "vpc_id": "vpc-0a8867c08bef6c3d9"
          },
          "private": "eyJlMmJmYjczMC1lY2FhLTExZTYtOGY4OC0zNDM2M2JjN2M0YzAiOnsiY3JlYXRlIjo2MDAwMDAwMDAwMDAsImRlbGV0ZSI6MTIwMDAwMDAwMDAwMH0sInNjaGVtYV92ZXJzaW9uIjoiMSJ9",
          "dependencies": [
            "aws_vpc.javaserver_vpc"
          ]
        }
      ]
    },
    {
      "mode": "managed",
      "type": "aws_subnet",
      "name": "javaserver_public_subnet",
      "provider": "provider[\"registry.terraform.io/hashicorp/aws\"]",
      "instances": [
        {
          "schema_version": 1,
          "attributes": {
            "arn": "arn:aws:ec2:ap-south-1:348144482673:subnet/subnet-076fa0456218ccabc",
            "assign_ipv6_address_on_creation": false,
            "availability_zone": "ap-south-1a",
            "availability_zone_id": "aps1-az1",
            "cidr_block": "10.0.1.0/24",
            "id": "subnet-076fa0456218ccabc",
            "ipv6_cidr_block": "",
            "ipv6_cidr_block_association_id": "",
            "map_public_ip_on_launch": true,
            "outpost_arn": "",
            "owner_id": "348144482673",
            "tags": {
              "Name": "javaserver_public_subnet"
            },
            "timeouts": null,
            "vpc_id": "vpc-0a8867c08bef6c3d9"
          },
          "private": "eyJlMmJmYjczMC1lY2FhLTExZTYtOGY4OC0zNDM2M2JjN2M0YzAiOnsiY3JlYXRlIjo2MDAwMDAwMDAwMDAsImRlbGV0ZSI6MTIwMDAwMDAwMDAwMH0sInNjaGVtYV92ZXJzaW9uIjoiMSJ9",
          "dependencies": [
            "aws_vpc.javaserver_vpc"
          ]
        }
      ]
    },
    {
      "mode": "managed",
      "type": "aws_vpc",
      "name": "javaserver_vpc",
      "provider": "provider[\"registry.terraform.io/hashicorp/aws\"]",
      "instances": [
        {
          "schema_version": 1,
          "attributes": {
            "arn": "arn:aws:ec2:ap-south-1:348144482673:vpc/vpc-0a8867c08bef6c3d9",
            "assign_generated_ipv6_cidr_block": false,
            "cidr_block": "10.0.0.0/16",
            "default_network_acl_id": "acl-0112a982a8b9953ea",
            "default_route_table_id": "rtb-0cfb8e79ffee5bf87",
            "default_security_group_id": "sg-050609b51466a1bd1",
            "dhcp_options_id": "dopt-05c8066e",
            "enable_classiclink": null,
            "enable_classiclink_dns_support": null,
            "enable_dns_hostnames": false,
            "enable_dns_support": true,
            "id": "vpc-0a8867c08bef6c3d9",
            "instance_tenancy": "default",
            "ipv6_association_id": "",
            "ipv6_cidr_block": "",
            "main_route_table_id": "rtb-0cfb8e79ffee5bf87",
            "owner_id": "348144482673",
            "tags": {
              "Name": "javaserver_vpc"
            }
          },
          "private": "eyJzY2hlbWFfdmVyc2lvbiI6IjEifQ=="
        }
      ]
    }
  ]
}
